
Microsoft Visual Studio Solution File, Format Version 12.00
# Visual Studio Version 17
VisualStudioVersion = 17.1.32228.430
MinimumVisualStudioVersion = 10.0.40219.1
Project("{9A19103F-16F7-4668-BE54-9A1E7A4F7556}") = "IntroToCSharp", "IntroToCSharp.csproj", "{A74E24D0-5EDE-437D-82F2-8C926ECC3F7D}"
EndProject
Global
	GlobalSection(SolutionConfigurationPlatforms) = preSolution
		Debug|Any CPU = Debug|Any CPU
		Release|Any CPU = Release|Any CPU
	EndGlobalSection
	GlobalSection(ProjectConfigurationPlatforms) = postSolution
		{A74E24D0-5EDE-437D-82F2-8C926ECC3F7D}.Debug|Any CPU.ActiveCfg = Debug|Any CPU
		{A74E24D0-5EDE-437D-82F2-8C926ECC3F7D}.Debug|Any CPU.Build.0 = Debug|Any CPU
		{A74E24D0-5EDE-437D-82F2-8C926ECC3F7D}.Release|Any CPU.ActiveCfg = Release|Any CPU
		{A74E24D0-5EDE-437D-82F2-8C926ECC3F7D}.Release|Any CPU.Build.0 = Release|Any CPU
	EndGlobalSection
	GlobalSection(SolutionProperties) = preSolution
		HideSolutionNode = FALSE
	EndGlobalSection
	GlobalSection(ExtensibilityGlobals) = postSolution
		SolutionGuid = {B1F73CA3-78FD-4BD7-A51A-378CE376985A}
	EndGlobalSection
EndGlobal
